
Microsoft Visual Studio Solution File, Format Version 12.00
# Visual Studio Version 16
VisualStudioVersion = 16.0.30114.105
MinimumVisualStudioVersion = 10.0.40219.1
Project("{FAE04EC0-301F-11D3-BF4B-00C04F79EFBC}") = "ExercicioConcessionaria.Teste", "ExercicioConcessionaria.Teste\ExercicioConcessionaria.Teste.csproj", "{A8F23FC0-AAF6-44E4-BE17-D428754F7EAC}"
EndProject
Project("{FAE04EC0-301F-11D3-BF4B-00C04F79EFBC}") = "ExercicioConcessionaria", "ExercicioConcessionariaConsole\ExercicioConcessionaria.csproj", "{EF51A17C-6818-4AD1-BFA5-05E00BD98314}"
EndProject
Project("{FAE04EC0-301F-11D3-BF4B-00C04F79EFBC}") = "ProjetoConcessionariaweb", "ProjetoConcessionariaweb\ProjetoConcessionariaweb.csproj", "{990A0444-BCD2-45F9-97C8-E8F9B46C195B}"
EndProject
Global
	GlobalSection(SolutionConfigurationPlatforms) = preSolution
		Debug|Any CPU = Debug|Any CPU
		Release|Any CPU = Release|Any CPU
	EndGlobalSection
	GlobalSection(SolutionProperties) = preSolution
		HideSolutionNode = FALSE
	EndGlobalSection
	GlobalSection(ProjectConfigurationPlatforms) = postSolution
		{A8F23FC0-AAF6-44E4-BE17-D428754F7EAC}.Debug|Any CPU.ActiveCfg = Debug|Any CPU
		{A8F23FC0-AAF6-44E4-BE17-D428754F7EAC}.Debug|Any CPU.Build.0 = Debug|Any CPU
		{A8F23FC0-AAF6-44E4-BE17-D428754F7EAC}.Release|Any CPU.ActiveCfg = Release|Any CPU
		{A8F23FC0-AAF6-44E4-BE17-D428754F7EAC}.Release|Any CPU.Build.0 = Release|Any CPU
		{EF51A17C-6818-4AD1-BFA5-05E00BD98314}.Debug|Any CPU.ActiveCfg = Debug|Any CPU
		{EF51A17C-6818-4AD1-BFA5-05E00BD98314}.Debug|Any CPU.Build.0 = Debug|Any CPU
		{EF51A17C-6818-4AD1-BFA5-05E00BD98314}.Release|Any CPU.ActiveCfg = Release|Any CPU
		{EF51A17C-6818-4AD1-BFA5-05E00BD98314}.Release|Any CPU.Build.0 = Release|Any CPU
		{990A0444-BCD2-45F9-97C8-E8F9B46C195B}.Debug|Any CPU.ActiveCfg = Debug|Any CPU
		{990A0444-BCD2-45F9-97C8-E8F9B46C195B}.Debug|Any CPU.Build.0 = Debug|Any CPU
		{990A0444-BCD2-45F9-97C8-E8F9B46C195B}.Release|Any CPU.ActiveCfg = Release|Any CPU
		{990A0444-BCD2-45F9-97C8-E8F9B46C195B}.Release|Any CPU.Build.0 = Release|Any CPU
	EndGlobalSection
EndGlobal
